{
  "version": 4,
  "terraform_version": "1.11.4",
  "serial": 4,
  "lineage": "4a91eb83-3193-5d9e-6a5c-f8bd7767d3fc",
  "outputs": {},
  "resources": [
    {
      "mode": "managed",
      "type": "google_compute_firewall",
      "name": "firewall-mlops",
      "provider": "provider[\"registry.terraform.io/hashicorp/google\"]",
      "instances": [
        {
          "schema_version": 1,
          "attributes": {
            "allow": [
              {
                "ports": [
                  "5000",
                  "30080",
                  "3000",
                  "9090"
                ],
                "protocol": "tcp"
              }
            ],
            "creation_timestamp": "2025-11-07T22:16:01.037-08:00",
            "deny": [],
            "description": "",
            "destination_ranges": [],
            "direction": "INGRESS",
            "disabled": false,
            "enable_logging": null,
            "id": "projects/deploy-model-loan-prediction/global/firewalls/firewall-mlops-v2",
            "log_config": [],
            "name": "firewall-mlops-v2",
            "network": "https://www.googleapis.com/compute/v1/projects/deploy-model-loan-prediction/global/networks/default",
            "priority": 1000,
            "project": "deploy-model-loan-prediction",
            "self_link": "https://www.googleapis.com/compute/v1/projects/deploy-model-loan-prediction/global/firewalls/firewall-mlops-v2",
            "source_ranges": [
              "0.0.0.0/0"
            ],
            "source_service_accounts": null,
            "source_tags": null,
            "target_service_accounts": null,
            "target_tags": null,
            "timeouts": null
          },
          "sensitive_attributes": [],
          "private": "eyJlMmJmYjczMC1lY2FhLTExZTYtOGY4OC0zNDM2M2JjN2M0YzAiOnsiY3JlYXRlIjoxMjAwMDAwMDAwMDAwLCJkZWxldGUiOjEyMDAwMDAwMDAwMDAsInVwZGF0ZSI6MTIwMDAwMDAwMDAwMH0sInNjaGVtYV92ZXJzaW9uIjoiMSJ9"
        }
      ]
    },
    {
      "mode": "managed",
      "type": "google_container_cluster",
      "name": "my-gke",
      "provider": "provider[\"registry.terraform.io/hashicorp/google\"]",
      "instances": [
        {
          "schema_version": 1,
          "attributes": {
            "addons_config": [
              {
                "cloudrun_config": [],
                "config_connector_config": [],
                "dns_cache_config": [],
                "gce_persistent_disk_csi_driver_config": [
                  {
                    "enabled": true
                  }
                ],
                "gcp_filestore_csi_driver_config": [],
                "gcs_fuse_csi_driver_config": [],
                "gke_backup_agent_config": [],
                "horizontal_pod_autoscaling": [],
                "http_load_balancing": [],
                "network_policy_config": [
                  {
                    "disabled": true
                  }
                ]
              }
            ],
            "allow_net_admin": null,
            "authenticator_groups_config": [],
            "binary_authorization": [
              {
                "enabled": false,
                "evaluation_mode": ""
              }
            ],
            "cluster_autoscaling": [
              {
                "auto_provisioning_defaults": [],
                "enabled": false,
                "resource_limits": []
              }
            ],
            "cluster_ipv4_cidr": "10.120.0.0/14",
            "confidential_nodes": [],
            "cost_management_config": [],
            "database_encryption": [
              {
                "key_name": "",
                "state": "DECRYPTED"
              }
            ],
            "datapath_provider": "",
            "default_max_pods_per_node": null,
            "default_snat_status": [
              {
                "disabled": false
              }
            ],
            "description": "",
            "dns_config": [],
            "enable_autopilot": false,
            "enable_binary_authorization": false,
            "enable_intranode_visibility": false,
            "enable_k8s_beta_apis": [],
            "enable_kubernetes_alpha": false,
            "enable_l4_ilb_subsetting": false,
            "enable_legacy_abac": false,
            "enable_shielded_nodes": true,
            "enable_tpu": false,
            "endpoint": "34.158.41.86",
            "gateway_api_config": [],
            "id": "projects/deploy-model-loan-prediction/locations/asia-southeast1-a/clusters/gke-ml-ops-02",
            "initial_node_count": 0,
            "ip_allocation_policy": [],
            "label_fingerprint": "a9dc16a7",
            "location": "asia-southeast1-a",
            "logging_config": [
              {
                "enable_components": [
                  "SYSTEM_COMPONENTS",
                  "WORKLOADS"
                ]
              }
            ],
            "logging_service": "logging.googleapis.com/kubernetes",
            "maintenance_policy": [],
            "master_auth": [
              {
                "client_certificate": "",
                "client_certificate_config": [
                  {
                    "issue_client_certificate": false
                  }
                ],
                "client_key": "",
                "cluster_ca_certificate": "LS0tLS1CRUdJTiBDRVJUSUZJQ0FURS0tLS0tCk1JSUVMVENDQXBXZ0F3SUJBZ0lSQU1iOFBlbmxTZGpQdk1kcytPZWNRMXd3RFFZSktvWklodmNOQVFFTEJRQXcKTHpFdE1Dc0dBMVVFQXhNa05EUTFPRE5rTWprdFl6VXhOUzAwT1RBM0xUZzJNV1F0TjJNNE1qSXhNRGd5WkdOagpNQ0FYRFRJMU1URXdPREExTVRZd05Gb1lEekl3TlRVeE1UQXhNRFl4TmpBMFdqQXZNUzB3S3dZRFZRUURFeVEwCk5EVTRNMlF5T1Mxak5URTFMVFE1TURjdE9EWXhaQzAzWXpneU1qRXdPREprWTJNd2dnR2lNQTBHQ1NxR1NJYjMKRFFFQkFRVUFBNElCandBd2dnR0tBb0lCZ1FEbTNaejZUSjJRbTVCc3hmNWUrbGd2WkgxS3hZQWppL1Q4YVR6ZgpBOTJDazZwelpOeU53Sk1IODJCbmdwK1ZJWE9pb3V2cXNoMU5PZFgyRXBaMWpteTNUUFZZeGl2eDVRQUNXd2dWCm1NWFlHYUpIVHhJM0drZVdTSTJlSmRSMXpsMHNJbWdqb2Y4RlZ0b1VqV1dtRW5BWWhjQzRoaDBVTmZoREhBTHIKalJRWitoMDZDYVlyVEFpZ2lrV2ZINWNxYng3Q0pzNlY3M1F5UEZ0dTBpckd5bENjd3BTa0Q3T1NmaERqaTJZMQpXOXV6TXBmTG9EV1hZSENmWVdSd2IrWE1PTzRDcHp6TDNEVi96d2t1bTZtVG1FV3BkbkFNWlAzOUlsWWZ0Zm4zClY4aFpjeFl1Um1IV212Yk5zeWc1Q3ljR2doZENEekhrYTNueVdySm8rbjZGdVhOVDIyWE5JODBoMVExRFIwdWsKWGl1T2hIY0VCaEJwV0VESkVKbC9TQU95a2JJc0E4eVk5Q2dTL1BZMWZFNFRmSGtsTDFEQWNQRm5pdy9PU3lhaApiNmRqOHpQNVM2QXQxRWZDM3RDK3lycmpjK1NwU3lSMWI0WmZtN0k1WVZ1UU1BMXMwdElmc3lQZ1BVdzgweXhpCmxwbDlqRVAwR2Q0L2p4R2padEJod3QyOGdqOENBd0VBQWFOQ01FQXdEZ1lEVlIwUEFRSC9CQVFEQWdJRU1BOEcKQTFVZEV3RUIvd1FGTUFNQkFmOHdIUVlEVlIwT0JCWUVGTUQ2YmNnUHR0S0RqdDVheTBzd1VOSVVSQm9ZTUEwRwpDU3FHU0liM0RRRUJDd1VBQTRJQmdRQTN3aFdxRVN1SVdhcTlreEs0Q3p2K1RkMDJrcjkzTE1XS3lUdndya2IzCkpqNnFUeEM2MzZSZTBQVkYxMXRrSHE4b0VGeGpJMHhiMGR3NVJkQllPWGUwVmtoWFpDQzVrRzJYOExSZlJSWFUKVXM3RDBmWUdJbEFoV0hXRFM2bVd2K3lRQmZUUnVoeE8zSHVBWHZqY2FCcXdrMndnR0l3SFF6cUlxTllIcmFLRwpSRjIzb1pCZkxtczVGNFNRdndiM3hxUXMyRHdVa3JEbUowekxiWk1kNnNBT1VCRVVZRnJBaXdDQkJqTkZCYU1qCnVabGwxS2NxWjNRUGwyaGhlUmwzZDlvRFM2eGs3VUI5eDRrUUtDdTgvMHdhMkNxeGFsSlpCSVF1MFpVNDdEakEKQTFwb2RsQ0NXZnYzTkRoYWk3SVJUY2NmMWZyTEJHTVRubGFHb2NCeEFQL3ltUFFUelp6MG1Sb0RvRjJ6cmszegp0bDE4T2UvSFdodzgvekErU1dEcm5PRTlpOVc0c1RnNkMxN0lMa3V2YlRubU1tQXJ1a2FzQ1ZrTU5ZRnNJN2l5CmlMVEZ2MXM4OUphRWdQWmhTbk40cFZtTC9PZzIwdmJ6TXlaR0J2SmgwSHFvMXRYdHRud1lhcCtWU3YxVlZURDAKZisxdXVVak53K1lCUEF5aVRKV1IrTnM9Ci0tLS0tRU5EIENFUlRJRklDQVRFLS0tLS0K"
              }
            ],
            "master_authorized_networks_config": [],
            "master_version": "1.33.5-gke.1162000",
            "mesh_certificates": [],
            "min_master_version": null,
            "monitoring_config": [
              {
                "advanced_datapath_observability_config": [
                  {
                    "enable_metrics": false,
                    "relay_mode": ""
                  }
                ],
                "enable_components": [
                  "SYSTEM_COMPONENTS",
                  "STATEFULSET",
                  "JOBSET",
                  "STORAGE",
                  "HPA",
                  "POD",
                  "DAEMONSET",
                  "DEPLOYMENT",
                  "CADVISOR",
                  "KUBELET",
                  "DCGM"
                ],
                "managed_prometheus": [
                  {
                    "enabled": true
                  }
                ]
              }
            ],
            "monitoring_service": "monitoring.googleapis.com/kubernetes",
            "name": "gke-ml-ops-02",
            "network": "projects/deploy-model-loan-prediction/global/networks/default",
            "network_policy": [
              {
                "enabled": false,
                "provider": "PROVIDER_UNSPECIFIED"
              }
            ],
            "networking_mode": "ROUTES",
            "node_config": [
              {
                "advanced_machine_features": [],
                "boot_disk_kms_key": "",
                "disk_size_gb": 20,
                "disk_type": "pd-balanced",
                "ephemeral_storage_local_ssd_config": [],
                "gcfs_config": [],
                "guest_accelerator": [],
                "gvnic": [],
                "host_maintenance_policy": [],
                "image_type": "COS_CONTAINERD",
                "kubelet_config": [
                  {
                    "cpu_cfs_quota": false,
                    "cpu_cfs_quota_period": "",
                    "cpu_manager_policy": "",
                    "pod_pids_limit": 0
                  }
                ],
                "labels": {},
                "linux_node_config": [],
                "local_nvme_ssd_block_config": [],
                "local_ssd_count": 0,
                "logging_variant": "DEFAULT",
                "machine_type": "e2-medium",
                "metadata": {
                  "disable-legacy-endpoints": "true"
                },
                "min_cpu_platform": "",
                "node_group": "",
                "oauth_scopes": [
                  "https://www.googleapis.com/auth/devstorage.read_only",
                  "https://www.googleapis.com/auth/logging.write",
                  "https://www.googleapis.com/auth/monitoring",
                  "https://www.googleapis.com/auth/service.management.readonly",
                  "https://www.googleapis.com/auth/servicecontrol",
                  "https://www.googleapis.com/auth/trace.append"
                ],
                "preemptible": false,
                "reservation_affinity": [],
                "resource_labels": {
                  "goog-gke-node-pool-provisioning-model": "on-demand"
                },
                "service_account": "default",
                "shielded_instance_config": [
                  {
                    "enable_integrity_monitoring": true,
                    "enable_secure_boot": false
                  }
                ],
                "sole_tenant_config": [],
                "spot": false,
                "tags": [],
                "taint": [],
                "workload_metadata_config": []
              }
            ],
            "node_locations": [],
            "node_pool": [
              {
                "autoscaling": [],
                "initial_node_count": 3,
                "instance_group_urls": [
                  "https://www.googleapis.com/compute/v1/projects/deploy-model-loan-prediction/zones/asia-southeast1-a/instanceGroupManagers/gke-gke-ml-ops-02-node-mlops-254a8a90-grp"
                ],
                "managed_instance_group_urls": [
                  "https://www.googleapis.com/compute/v1/projects/deploy-model-loan-prediction/zones/asia-southeast1-a/instanceGroups/gke-gke-ml-ops-02-node-mlops-254a8a90-grp"
                ],
                "management": [
                  {
                    "auto_repair": true,
                    "auto_upgrade": true
                  }
                ],
                "max_pods_per_node": 0,
                "name": "node-mlops",
                "name_prefix": "",
                "network_config": [],
                "node_config": [
                  {
                    "advanced_machine_features": [],
                    "boot_disk_kms_key": "",
                    "disk_size_gb": 20,
                    "disk_type": "pd-balanced",
                    "ephemeral_storage_local_ssd_config": [],
                    "gcfs_config": [],
                    "guest_accelerator": [],
                    "gvnic": [],
                    "host_maintenance_policy": [],
                    "image_type": "COS_CONTAINERD",
                    "kubelet_config": [
                      {
                        "cpu_cfs_quota": false,
                        "cpu_cfs_quota_period": "",
                        "cpu_manager_policy": "",
                        "pod_pids_limit": 0
                      }
                    ],
                    "labels": {},
                    "linux_node_config": [],
                    "local_nvme_ssd_block_config": [],
                    "local_ssd_count": 0,
                    "logging_variant": "DEFAULT",
                    "machine_type": "e2-medium",
                    "metadata": {
                      "disable-legacy-endpoints": "true"
                    },
                    "min_cpu_platform": "",
                    "node_group": "",
                    "oauth_scopes": [
                      "https://www.googleapis.com/auth/devstorage.read_only",
                      "https://www.googleapis.com/auth/logging.write",
                      "https://www.googleapis.com/auth/monitoring",
                      "https://www.googleapis.com/auth/service.management.readonly",
                      "https://www.googleapis.com/auth/servicecontrol",
                      "https://www.googleapis.com/auth/trace.append"
                    ],
                    "preemptible": false,
                    "reservation_affinity": [],
                    "resource_labels": {
                      "goog-gke-node-pool-provisioning-model": "on-demand"
                    },
                    "service_account": "default",
                    "shielded_instance_config": [
                      {
                        "enable_integrity_monitoring": true,
                        "enable_secure_boot": false
                      }
                    ],
                    "sole_tenant_config": [],
                    "spot": false,
                    "tags": null,
                    "taint": [],
                    "workload_metadata_config": []
                  }
                ],
                "node_count": 3,
                "node_locations": [
                  "asia-southeast1-a"
                ],
                "placement_policy": [],
                "upgrade_settings": [
                  {
                    "blue_green_settings": [],
                    "max_surge": 1,
                    "max_unavailable": 0,
                    "strategy": "SURGE"
                  }
                ],
                "version": "1.33.5-gke.1162000"
              }
            ],
            "node_pool_defaults": [
              {
                "node_config_defaults": [
                  {
                    "logging_variant": "DEFAULT"
                  }
                ]
              }
            ],
            "node_version": "1.33.5-gke.1162000",
            "notification_config": [
              {
                "pubsub": [
                  {
                    "enabled": false,
                    "filter": [],
                    "topic": ""
                  }
                ]
              }
            ],
            "operation": null,
            "private_cluster_config": [
              {
                "enable_private_endpoint": false,
                "enable_private_nodes": false,
                "master_global_access_config": [
                  {
                    "enabled": false
                  }
                ],
                "master_ipv4_cidr_block": "",
                "peering_name": "",
                "private_endpoint": "10.148.0.2",
                "private_endpoint_subnetwork": "",
                "public_endpoint": "34.158.41.86"
              }
            ],
            "private_ipv6_google_access": "",
            "project": "deploy-model-loan-prediction",
            "release_channel": [
              {
                "channel": "REGULAR"
              }
            ],
            "remove_default_node_pool": false,
            "resource_labels": null,
            "resource_usage_export_config": [],
            "security_posture_config": [
              {
                "mode": "BASIC",
                "vulnerability_mode": "VULNERABILITY_MODE_UNSPECIFIED"
              }
            ],
            "self_link": "https://container.googleapis.com/v1/projects/deploy-model-loan-prediction/zones/asia-southeast1-a/clusters/gke-ml-ops-02",
            "service_external_ips_config": [
              {
                "enabled": false
              }
            ],
            "services_ipv4_cidr": "10.123.240.0/20",
            "subnetwork": "projects/deploy-model-loan-prediction/regions/asia-southeast1/subnetworks/default",
            "timeouts": null,
            "tpu_ipv4_cidr_block": "",
            "vertical_pod_autoscaling": [],
            "workload_identity_config": []
          },
          "sensitive_attributes": [
            [
              {
                "type": "get_attr",
                "value": "master_auth"
              },
              {
                "type": "index",
                "value": {
                  "value": 0,
                  "type": "number"
                }
              },
              {
                "type": "get_attr",
                "value": "client_key"
              }
            ]
          ],
          "private": "eyJlMmJmYjczMC1lY2FhLTExZTYtOGY4OC0zNDM2M2JjN2M0YzAiOnsiY3JlYXRlIjoyNDAwMDAwMDAwMDAwLCJkZWxldGUiOjI0MDAwMDAwMDAwMDAsInJlYWQiOjI0MDAwMDAwMDAwMDAsInVwZGF0ZSI6MzYwMDAwMDAwMDAwMH0sInNjaGVtYV92ZXJzaW9uIjoiMSJ9"
        }
      ]
    },
    {
      "mode": "managed",
      "type": "google_storage_bucket",
      "name": "my-bucket",
      "provider": "provider[\"registry.terraform.io/hashicorp/google\"]",
      "instances": [
        {
          "schema_version": 0,
          "attributes": {
            "autoclass": [],
            "cors": [],
            "custom_placement_config": [],
            "default_event_based_hold": false,
            "encryption": [],
            "force_destroy": true,
            "id": "bucket-store-v2",
            "labels": {},
            "lifecycle_rule": [],
            "location": "ASIA-SOUTHEAST1",
            "logging": [],
            "name": "bucket-store-v2",
            "project": "deploy-model-loan-prediction",
            "public_access_prevention": "inherited",
            "requester_pays": false,
            "retention_policy": [],
            "self_link": "https://www.googleapis.com/storage/v1/b/bucket-store-v2",
            "storage_class": "STANDARD",
            "timeouts": null,
            "uniform_bucket_level_access": true,
            "url": "gs://bucket-store-v2",
            "versioning": [],
            "website": []
          },
          "sensitive_attributes": [],
          "private": "eyJlMmJmYjczMC1lY2FhLTExZTYtOGY4OC0zNDM2M2JjN2M0YzAiOnsiY3JlYXRlIjo2MDAwMDAwMDAwMDAsInJlYWQiOjI0MDAwMDAwMDAwMCwidXBkYXRlIjoyNDAwMDAwMDAwMDB9fQ=="
        }
      ]
    }
  ],
  "check_results": null
}
